
Microsoft Visual Studio Solution File, Format Version 12.00
# Visual Studio 15
VisualStudioVersion = 15.0.28307.1145
MinimumVisualStudioVersion = 10.0.40219.1
Project("{FAE04EC0-301F-11D3-BF4B-00C04F79EFBC}") = "SharpSocket", "SharpSocket\SharpSocket.csproj", "{2CFDE77C-6A11-467A-96FE-562F54FD56C4}"
EndProject
Project("{FAE04EC0-301F-11D3-BF4B-00C04F79EFBC}") = "SharpSocket.Example", "SharpSocket.Example\SharpSocket.Example.csproj", "{ABBBE5B9-FF5E-49AC-8D4A-02D58670D7B5}"
EndProject
Global
	GlobalSection(SolutionConfigurationPlatforms) = preSolution
		Debug|Any CPU = Debug|Any CPU
		Release|Any CPU = Release|Any CPU
	EndGlobalSection
	GlobalSection(ProjectConfigurationPlatforms) = postSolution
		{2CFDE77C-6A11-467A-96FE-562F54FD56C4}.Debug|Any CPU.ActiveCfg = Debug|Any CPU
		{2CFDE77C-6A11-467A-96FE-562F54FD56C4}.Debug|Any CPU.Build.0 = Debug|Any CPU
		{2CFDE77C-6A11-467A-96FE-562F54FD56C4}.Release|Any CPU.ActiveCfg = Release|Any CPU
		{2CFDE77C-6A11-467A-96FE-562F54FD56C4}.Release|Any CPU.Build.0 = Release|Any CPU
		{ABBBE5B9-FF5E-49AC-8D4A-02D58670D7B5}.Debug|Any CPU.ActiveCfg = Debug|Any CPU
		{ABBBE5B9-FF5E-49AC-8D4A-02D58670D7B5}.Debug|Any CPU.Build.0 = Debug|Any CPU
		{ABBBE5B9-FF5E-49AC-8D4A-02D58670D7B5}.Release|Any CPU.ActiveCfg = Release|Any CPU
		{ABBBE5B9-FF5E-49AC-8D4A-02D58670D7B5}.Release|Any CPU.Build.0 = Release|Any CPU
	EndGlobalSection
	GlobalSection(SolutionProperties) = preSolution
		HideSolutionNode = FALSE
	EndGlobalSection
	GlobalSection(ExtensibilityGlobals) = postSolution
		SolutionGuid = {C5D55FAE-85E7-4BF1-A695-0C64304A9C99}
	EndGlobalSection
EndGlobal
